
Microsoft Visual Studio Solution File, Format Version 12.00
# Visual Studio 15
VisualStudioVersion = 15.0.28307.102
MinimumVisualStudioVersion = 10.0.40219.1
Project("{FAE04EC0-301F-11D3-BF4B-00C04F79EFBC}") = "MyVet.Common", "MyVet.Common\MyVet.Common.csproj", "{3AB2F336-5C1A-4615-958D-5B806258EC91}"
EndProject
Project("{FAE04EC0-301F-11D3-BF4B-00C04F79EFBC}") = "MyVet.Web", "MyVet.Web\MyVet.Web.csproj", "{7528F0F1-BE75-4B70-9ADA-1ABB4EAE69AF}"
EndProject
Global
	GlobalSection(SolutionConfigurationPlatforms) = preSolution
		Debug|Any CPU = Debug|Any CPU
		Release|Any CPU = Release|Any CPU
	EndGlobalSection
	GlobalSection(ProjectConfigurationPlatforms) = postSolution
		{3AB2F336-5C1A-4615-958D-5B806258EC91}.Debug|Any CPU.ActiveCfg = Debug|Any CPU
		{3AB2F336-5C1A-4615-958D-5B806258EC91}.Debug|Any CPU.Build.0 = Debug|Any CPU
		{3AB2F336-5C1A-4615-958D-5B806258EC91}.Release|Any CPU.ActiveCfg = Release|Any CPU
		{3AB2F336-5C1A-4615-958D-5B806258EC91}.Release|Any CPU.Build.0 = Release|Any CPU
		{7528F0F1-BE75-4B70-9ADA-1ABB4EAE69AF}.Debug|Any CPU.ActiveCfg = Debug|Any CPU
		{7528F0F1-BE75-4B70-9ADA-1ABB4EAE69AF}.Debug|Any CPU.Build.0 = Debug|Any CPU
		{7528F0F1-BE75-4B70-9ADA-1ABB4EAE69AF}.Release|Any CPU.ActiveCfg = Release|Any CPU
		{7528F0F1-BE75-4B70-9ADA-1ABB4EAE69AF}.Release|Any CPU.Build.0 = Release|Any CPU
	EndGlobalSection
	GlobalSection(SolutionProperties) = preSolution
		HideSolutionNode = FALSE
	EndGlobalSection
	GlobalSection(ExtensibilityGlobals) = postSolution
		SolutionGuid = {CE14D56F-A3EE-4335-AEA3-532B968C01E9}
	EndGlobalSection
EndGlobal
